{
  "name": "player",
  "version": "0.0.1",
  "lockfileVersion": 3,
  "requires": true,
  "packages": {
    "": {
      "name": "player",
      "version": "0.0.1",
      "dependencies": {
        "@capacitor/android": "8.5.1",
        "@capacitor/app": "8.1.1",
        "@capacitor/cli": "8.5.1",
        "@capacitor/core": "8.5.1",
        "@capacitor/haptics": "8.0.2",
        "@capacitor/keyboard": "8.0.5",
        "@capacitor/status-bar": "8.0.3",
        "@capawesome/capacitor-android-edge-to-edge-support": "^8.0.8",
        "@nuxt/ui": "^4.11.0",
        "firebase": "^12.18.0",
        "tailwindcss": "^4.3.3",
        "vue": "^3.5.42",
        "vue-router": "^4.5.0",
        "vuefire": "^3.2.3"
      },
      "devDependencies": {
        "@tsconfig/node24": "^24.0.5",
        "@types/node": "^24.1.0",
        "@vitejs/plugin-vue": "^5.2.1",
        "@vue/eslint-config-typescript": "^14.2.0",
        "@vue/tsconfig": "^0.7.0",
        "eslint": "^10.9.1",
        "eslint-plugin-vue": "^10.10.0",
        "typescript": "^5.7.2",
        "vite": "^6.0.7",
        "vite-plugin-pwa": "^0.21.1",
        "vitest": "^2.1.8",
        "vue-tsc": "^2.2.0"
      }
    },
    "../../node_modules/.pnpm/@capacitor+android@8.5.1_@capacitor+core@8.5.1/node_modules/@capacitor/android": {
      "version": "8.5.1",
      "license": "MIT",
      "peerDependencies": {
        "@capacitor/core": "^8.5.0"
      }
    },
    "../../node_modules/.pnpm/@capacitor+app@8.1.1_@capacitor+core@8.5.1/node_modules/@capacitor/app": {
      "version": "8.1.1",
      "license": "MIT",
      "devDependencies": {
        "@capacitor/android": "^8.0.0",
        "@capacitor/cli": "^8.0.0",
        "@capacitor/core": "^8.0.0",
        "@capacitor/docgen": "0.3.0",
        "@capacitor/ios": "^8.0.0",
        "@ionic/eslint-config": "^0.4.0",
        "@ionic/prettier-config": "^4.0.0",
        "@ionic/swiftlint-config": "^2.0.0",
        "eslint": "^8.57.1",
        "prettier": "^3.6.2",
        "prettier-plugin-java": "^2.7.7",
        "rimraf": "^6.1.0",
        "rollup": "^4.53.2",
        "swiftlint": "^2.0.0",
        "typescript": "^5.9.3"
      },
      "peerDependencies": {
        "@capacitor/core": ">=8.0.0"
      }
    },
    "../../node_modules/.pnpm/@capacitor+cli@8.5.1_supports-color@7.2.0/node_modules/@capacitor/cli": {
      "version": "8.5.1",
      "license": "MIT",
      "dependencies": {
        "@ionic/cli-framework-output": "^2.2.8",
        "@ionic/utils-subprocess": "^3.0.1",
        "@ionic/utils-terminal": "^2.3.5",
        "commander": "^12.1.0",
        "debug": "^4.4.0",
        "env-paths": "^2.2.0",
        "fs-extra": "^11.2.0",
        "kleur": "^4.1.5",
        "native-run": "^2.0.3",
        "open": "^8.4.0",
        "plist": "^3.1.0",
        "prompts": "^2.4.2",
        "rimraf": "^6.0.1",
        "semver": "^7.6.3",
        "tar": "^7.5.3",
        "tslib": "^2.8.1",
        "xcode": "^3.0.1",
        "xml2js": "^0.6.2"
      },
      "bin": {
        "cap": "bin/capacitor",
        "capacitor": "bin/capacitor"
      },
      "devDependencies": {
        "@types/debug": "^4.1.12",
        "@types/fs-extra": "^11.0.4",
        "@types/jest": "^29.5.14",
        "@types/plist": "^3.0.5",
        "@types/prompts": "^2.4.9",
        "@types/semver": "^7.5.8",
        "@types/tmp": "^0.2.6",
        "@types/xcode": "^3.0.0",
        "@types/xml2js": "0.4.5",
        "jest": "^29.7.0",
        "jest-environment-jsdom": "^29.7.0",
        "jest-jasmine2": "^29.7.0",
        "tmp": "^0.2.3",
        "ts-jest": "^29.0.5",
        "typescript": "~5.0.2"
      },
      "engines": {
        "node": ">=22.0.0"
      }
    },
    "../../node_modules/.pnpm/@capacitor+core@8.5.1/node_modules/@capacitor/core": {
      "version": "8.5.1",
      "license": "MIT",
      "peer": true,
      "dependencies": {
        "tslib": "^2.1.0"
      },
      "devDependencies": {
        "@capacitor/docgen": "^0.2.2",
        "@rollup/plugin-node-resolve": "^10.0.0",
        "@rollup/plugin-replace": "^2.4.2",
        "@types/jest": "^29.5.0",
        "jest": "^29.5.0",
        "jest-environment-jsdom": "^29.5.0",
        "jest-jasmine2": "^29.5.0",
        "rimraf": "^4.4.1",
        "rollup": "^2.21.0",
        "rollup-plugin-terser": "^7.0.2",
        "typescript": "~5.0.2"
      }
    },
    "../../node_modules/.pnpm/@capacitor+haptics@8.0.2_@capacitor+core@8.5.1/node_modules/@capacitor/haptics": {
      "version": "8.0.2",
      "license": "MIT",
      "devDependencies": {
        "@capacitor/android": "^8.0.0",
        "@capacitor/core": "^8.0.0",
        "@capacitor/docgen": "^0.3.0",
        "@capacitor/ios": "^8.0.0",
        "@ionic/eslint-config": "^0.4.0",
        "@ionic/prettier-config": "^4.0.0",
        "@ionic/swiftlint-config": "^2.0.0",
        "@semantic-release/changelog": "^6.0.3",
        "@semantic-release/exec": "^7.1.0",
        "@semantic-release/git": "^10.0.1",
        "@semantic-release/github": "^12.0.2",
        "@semantic-release/npm": "^13.1.2",
        "@types/node": "^24.10.1",
        "eslint": "^8.57.0",
        "prettier": "^3.6.2",
        "prettier-plugin-java": "^2.7.7",
        "rimraf": "^6.1.2",
        "rollup": "^4.53.3",
        "semantic-release": "^25.0.2",
        "swiftlint": "^2.0.0",
        "typescript": "^5.9.3"
      },
      "peerDependencies": {
        "@capacitor/core": ">=8.0.0"
      }
    },
    "../../node_modules/.pnpm/@capacitor+keyboard@8.0.5_@capacitor+core@8.5.1/node_modules/@capacitor/keyboard": {
      "version": "8.0.5",
      "license": "MIT",
      "devDependencies": {
        "@capacitor/android": "^8.0.0",
        "@capacitor/cli": "^8.0.0",
        "@capacitor/core": "^8.0.0",
        "@capacitor/docgen": "^0.3.0",
        "@capacitor/ios": "^8.0.0",
        "@ionic/eslint-config": "^0.4.0",
        "@ionic/prettier-config": "^4.0.0",
        "@ionic/swiftlint-config": "^2.0.0",
        "@semantic-release/changelog": "^6.0.3",
        "@semantic-release/exec": "^7.1.0",
        "@semantic-release/git": "^10.0.1",
        "@semantic-release/github": "^12.0.2",
        "@semantic-release/npm": "^13.1.2",
        "@types/node": "^24.10.1",
        "eslint": "^8.57.0",
        "prettier": "^3.7.0",
        "prettier-plugin-java": "^2.7.7",
        "rimraf": "^6.1.2",
        "rollup": "^4.53.3",
        "semantic-release": "^25.0.2",
        "swiftlint": "^2.0.0",
        "typescript": "^5.9.3"
      },
      "peerDependencies": {
        "@capacitor/core": ">=8.0.0"
      }
    },
    "../../node_modules/.pnpm/@capacitor+status-bar@8.0.3_@capacitor+core@8.5.1/node_modules/@capacitor/status-bar": {
      "version": "8.0.3",
      "license": "MIT",
      "devDependencies": {
        "@capacitor/android": "^8.0.0",
        "@capacitor/cli": "^8.0.0",
        "@capacitor/core": "^8.0.0",
        "@capacitor/docgen": "0.3.0",
        "@capacitor/ios": "^8.0.0",
        "@ionic/eslint-config": "^0.4.0",
        "@ionic/prettier-config": "^4.0.0",
        "@ionic/swiftlint-config": "^2.0.0",
        "eslint": "^8.57.1",
        "prettier": "^3.6.2",
        "prettier-plugin-java": "^2.7.7",
        "rimraf": "^6.1.0",
        "rollup": "^4.53.2",
        "swiftlint": "^2.0.0",
        "typescript": "^5.9.3"
      },
      "peerDependencies": {
        "@capacitor/core": ">=8.0.0"
      }
    },
    "../../node_modules/.pnpm/@nuxt+ui@4.11.0_7d538819ba9eada06f21074bb147040d/node_modules/@nuxt/ui": {
      "version": "4.11.0",
      "license": "MIT",
      "dependencies": {
        "@floating-ui/dom": "^1.8.0",
        "@iconify/vue": "^5.0.1",
        "@internationalized/date": "^3.12.3",
        "@internationalized/number": "^3.6.7",
        "@nuxt/fonts": "^0.14.0",
        "@nuxt/icon": "^2.5.0",
        "@nuxt/kit": "^4.5.2",
        "@nuxt/schema": "^4.5.2",
        "@nuxtjs/color-mode": "^4.0.1",
        "@standard-schema/spec": "^1.1.0",
        "@tailwindcss/postcss": "^4.3.3",
        "@tailwindcss/vite": "^4.3.3",
        "@tanstack/vue-table": "^8.21.3",
        "@tanstack/vue-virtual": "^3.13.35",
        "@tiptap/core": "^3.29.2",
        "@tiptap/extension-bubble-menu": "^3.29.2",
        "@tiptap/extension-code": "^3.29.2",
        "@tiptap/extension-collaboration": "^3.29.2",
        "@tiptap/extension-drag-handle": "^3.29.2",
        "@tiptap/extension-drag-handle-vue-3": "^3.29.2",
        "@tiptap/extension-floating-menu": "^3.29.2",
        "@tiptap/extension-horizontal-rule": "^3.29.2",
        "@tiptap/extension-image": "^3.29.2",
        "@tiptap/extension-mention": "^3.29.2",
        "@tiptap/extension-node-range": "^3.29.2",
        "@tiptap/extension-placeholder": "^3.29.2",
        "@tiptap/markdown": "^3.29.2",
        "@tiptap/pm": "^3.29.2",
        "@tiptap/starter-kit": "^3.29.2",
        "@tiptap/suggestion": "^3.29.2",
        "@tiptap/vue-3": "^3.29.2",
        "@unhead/vue": "^3.3.2",
        "@vueuse/core": "^14.4.0",
        "@vueuse/integrations": "^14.4.0",
        "@vueuse/shared": "^14.4.0",
        "colortranslator": "^5.0.0",
        "consola": "^3.4.2",
        "defu": "^6.1.7",
        "embla-carousel-auto-height": "^8.6.0",
        "embla-carousel-auto-scroll": "^8.6.0",
        "embla-carousel-autoplay": "^8.6.0",
        "embla-carousel-class-names": "^8.6.0",
        "embla-carousel-fade": "^8.6.0",
        "embla-carousel-vue": "^8.6.0",
        "embla-carousel-wheel-gestures": "^8.1.0",
        "fuse.js": "^7.5.0",
        "hookable": "^6.1.1",
        "knitwork": "^1.3.0",
        "magic-string": "^1.2.0",
        "mlly": "^1.8.2",
        "motion-v": "^2.4.0",
        "ohash": "^2.0.12",
        "pathe": "^2.0.3",
        "reka-ui": "2.10.3",
        "scule": "^1.3.0",
        "tailwind-merge": "^3.6.0",
        "tailwind-variants": "^3.2.2",
        "tailwindcss": "^4.3.3",
        "tinyglobby": "^0.2.17",
        "ufo": "^1.6.4",
        "unplugin": "^3.3.0",
        "unplugin-auto-import": "^21.1.0",
        "unplugin-vue-components": "^32.1.0",
        "vaul-vue": "0.4.1",
        "vue-component-type-helpers": "^3.3.10"
      },
      "bin": {
        "nuxt-ui": "cli/index.mjs"
      },
      "devDependencies": {
        "@codspeed/vitest-plugin": "^5.7.1",
        "@nuxt/eslint-config": "^1.17.0",
        "@nuxt/module-builder": "^1.0.3",
        "@nuxt/test-utils": "^4.1.0",
        "@release-it/conventional-changelog": "^12.0.0",
        "@tanstack/table-core": "^8.21.3",
        "@vitejs/plugin-vue": "^6.0.8",
        "@vue/test-utils": "^2.4.11",
        "ai": "^7.0.66",
        "embla-carousel": "^8.6.0",
        "eslint": "^10.8.1",
        "happy-dom": "^20.11.2",
        "nuxt": "^4.5.2",
        "release-it": "^21.0.2",
        "unbuild": "^3.6.1",
        "vitest": "^4.1.10",
        "vitest-axe": "^0.1.0",
        "vitest-environment-nuxt": "^2.0.0",
        "vue": "^3.5.41",
        "vue-tsc": "^3.3.10"
      },
      "engines": {
        "node": "^20.19.0 || >=22.12.0"
      },
      "peerDependencies": {
        "@inertiajs/vue3": "^2.0.7 || ^3.0.0",
        "@internationalized/date": "^3.0.0",
        "@internationalized/number": "^3.0.0",
        "@nuxt/content": "^3.0.0",
        "@tiptap/core": "^3",
        "@tiptap/extension-bubble-menu": "^3",
        "@tiptap/extension-code": "^3",
        "@tiptap/extension-collaboration": "^3",
        "@tiptap/extension-drag-handle": "^3",
        "@tiptap/extension-drag-handle-vue-3": "^3",
        "@tiptap/extension-floating-menu": "^3",
        "@tiptap/extension-horizontal-rule": "^3",
        "@tiptap/extension-image": "^3",
        "@tiptap/extension-mention": "^3",
        "@tiptap/extension-node-range": "^3",
        "@tiptap/extension-placeholder": "^3",
        "@tiptap/markdown": "^3",
        "@tiptap/pm": "^3",
        "@tiptap/starter-kit": "^3",
        "@tiptap/suggestion": "^3",
        "@tiptap/vue-3": "^3",
        "ai": "^6 || ^7",
        "joi": "^18.0.0",
        "superstruct": "^2.0.0",
        "tailwindcss": "^4.0.0",
        "typescript": "^5.6.3 || ^6.0.0 || ^7.0.0",
        "valibot": "^1.0.0",
        "vue-router": "^4.5.0 || ^5.0.0",
        "yup": "^1.7.0",
        "zod": "^3.24.0 || ^4.0.0"
      },
      "peerDependenciesMeta": {
        "@inertiajs/vue3": {
          "optional": true
        },
        "@internationalized/date": {
          "optional": true
        },
        "@internationalized/number": {
          "optional": true
        },
        "@nuxt/content": {
          "optional": true
        },
        "ai": {
          "optional": true
        },
        "joi": {
          "optional": true
        },
        "superstruct": {
          "optional": true
        },
        "valibot": {
          "optional": true
        },
        "vue-router": {
          "optional": true
        },
        "yup": {
          "optional": true
        },
        "zod": {
          "optional": true
        }
      }
    },
    "../../node_modules/.pnpm/@tsconfig+node20@20.1.10/node_modules/@tsconfig/node20": {
      "version": "20.1.10",
      "extraneous": true,
      "license": "MIT"
    },
    "../../node_modules/.pnpm/@tsconfig+node24@24.0.5/node_modules/@tsconfig/node24": {
      "version": "24.0.5",
      "dev": true,
      "license": "MIT"
    },
    "../../node_modules/.pnpm/@types+node@24.13.3/node_modules/@types/node": {
      "version": "24.13.3",
      "dev": true,
      "license": "MIT",
      "dependencies": {
        "undici-types": "~7.18.0"
      }
    },
    "../../node_modules/.pnpm/@vitejs+plugin-vue@5.2.4_vi_418f5e73e96a21869e8472787cc78d67/node_modules/@vitejs/plugin-vue": {
      "version": "5.2.4",
      "dev": true,
      "license": "MIT",
      "devDependencies": {
        "@jridgewell/gen-mapping": "^0.3.8",
        "@jridgewell/trace-mapping": "^0.3.25",
        "debug": "^4.4.0",
        "rollup": "^4.40.2",
        "slash": "^5.1.0",
        "source-map-js": "^1.2.1",
        "vite": "^6.3.5",
        "vue": "^3.5.13"
      },
      "engines": {
        "node": "^18.0.0 || >=20.0.0"
      },
      "peerDependencies": {
        "vite": "^5.0.0 || ^6.0.0",
        "vue": "^3.2.25"
      }
    },
    "../../node_modules/.pnpm/@vue+eslint-config-typescri_b231776b00711c5a56f4718f1c80576d/node_modules/@vue/eslint-config-typescript": {
      "version": "14.9.0",
      "dev": true,
      "license": "MIT",
      "dependencies": {
        "@typescript-eslint/utils": "^8.60.0",
        "fast-glob": "^3.3.3",
        "typescript-eslint": "^8.60.0",
        "vue-eslint-parser": "^10.4.0"
      },
      "bin": {
        "vue-eslint-config-typescript": "dist/bin.js"
      },
      "devDependencies": {
        "@tsconfig/node24": "^24.0.4",
        "@types/node": "^22.19.19",
        "eslint": "^10.4.0",
        "eslint-plugin-vue": "~10.9.1",
        "execa": "^9.6.1",
        "pkgroll": "^2.27.1",
        "prettier": "3.8.3",
        "tsx": "^4.22.3",
        "typescript": "~6.0.0",
        "vitest": "^4.1.7",
        "vue": "^3.5.35"
      },
      "engines": {
        "node": "^18.18.0 || ^20.9.0 || >=21.1.0"
      },
      "peerDependencies": {
        "eslint": "^9.10.0 || ^10.0.0",
        "eslint-plugin-vue": "^9.28.0 || ^10.0.0",
        "typescript": ">=4.8.4"
      },
      "peerDependenciesMeta": {
        "typescript": {
          "optional": true
        }
      }
    },
    "../../node_modules/.pnpm/@vue+tsconfig@0.7.0_typescr_67800fff24260a59821cb869dc3778af/node_modules/@vue/tsconfig": {
      "version": "0.7.0",
      "dev": true,
      "license": "MIT",
      "peerDependencies": {
        "typescript": "5.x",
        "vue": "^3.4.0"
      },
      "peerDependenciesMeta": {
        "typescript": {
          "optional": true
        },
        "vue": {
          "optional": true
        }
      }
    },
    "../../node_modules/.pnpm/eslint-plugin-vue@10.10.0_@_8f69558d6aacd4e404082febd38e1165/node_modules/eslint-plugin-vue": {
      "version": "10.10.0",
      "dev": true,
      "license": "MIT",
      "dependencies": {
        "@eslint-community/eslint-utils": "^4.9.1",
        "natural-compare": "^1.4.0",
        "nth-check": "^2.1.1",
        "postcss-selector-parser": "^7.1.4",
        "semver": "^7.8.5",
        "xml-name-validator": "^5.0.0"
      },
      "devDependencies": {
        "@changesets/cli": "^2.31.0",
        "@eslint/markdown": "^8.0.3",
        "@ota-meshi/site-kit-eslint-editor-vue": "^0.2.4",
        "@stylistic/eslint-plugin": "^5.10.0",
        "@svitejs/changesets-changelog-github-compact": "^1.2.0",
        "@types/eslint": "^9.6.1",
        "@types/natural-compare": "^1.4.3",
        "@types/node": "^24.13.2",
        "@types/semver": "^7.7.1",
        "@types/xml-name-validator": "^4.0.3",
        "@typescript-eslint/eslint-plugin": "^8.62.1",
        "@typescript-eslint/parser": "^8.62.1",
        "@typescript-eslint/types": "^8.62.1",
        "@vitest/coverage-v8": "^4.1.9",
        "assert": "^2.1.0",
        "env-cmd": "^11.0.0",
        "esbuild": "^0.28.1",
        "eslint": "^10.6.0",
        "eslint-compat-utils": "^0.6.5",
        "eslint-config-flat-gitignore": "^2.3.0",
        "eslint-config-prettier": "^10.1.8",
        "eslint-plugin-eslint-plugin": "^7.4.1",
        "eslint-plugin-jsonc": "^3.2.0",
        "eslint-plugin-markdown-preferences": "^0.41.1",
        "eslint-plugin-node-dependencies": "^2.2.0",
        "eslint-plugin-prettier": "^5.5.6",
        "eslint-plugin-unicorn": "^70.0.0",
        "eslint-plugin-vue": "file:.",
        "eslint-typegen": "^2.3.1",
        "eslint-visitor-keys": "^5.0.1",
        "espree": "^11.2.0",
        "events": "^3.3.0",
        "globals": "^17.7.0",
        "jsdom": "^29.1.1",
        "markdownlint-cli": "^0.49.0",
        "pathe": "^2.0.3",
        "prettier": "^3.9.4",
        "tsdown": "^0.22.3",
        "typescript": "^6.0.3",
        "vite-plugin-eslint4b": "^0.8.1",
        "vitepress": "^1.6.4",
        "vitest": "^4.1.9",
        "vue-eslint-parser": "^10.4.1"
      },
      "engines": {
        "node": "^18.18.0 || ^20.9.0 || >=21.1.0"
      },
      "peerDependencies": {
        "@stylistic/eslint-plugin": "^2.0.0 || ^3.0.0 || ^4.0.0 || ^5.0.0",
        "@typescript-eslint/parser": "^7.0.0 || ^8.0.0",
        "eslint": "^8.57.0 || ^9.0.0 || ^10.0.0",
        "vue-eslint-parser": "^10.3.0"
      },
      "peerDependenciesMeta": {
        "@stylistic/eslint-plugin": {
          "optional": true
        },
        "@typescript-eslint/parser": {
          "optional": true
        }
      }
    },
    "../../node_modules/.pnpm/eslint@10.9.1_jiti@2.7.0_supports-color@7.2.0/node_modules/eslint": {
      "version": "10.9.1",
      "dev": true,
      "license": "MIT",
      "workspaces": [
        "packages/*"
      ],
      "dependencies": {
        "@eslint-community/eslint-utils": "^4.8.0",
        "@eslint-community/regexpp": "^4.12.2",
        "@eslint/config-array": "^0.23.5",
        "@eslint/config-helpers": "^0.7.0",
        "@eslint/core": "^1.2.1",
        "@eslint/plugin-kit": "^0.7.2",
        "@humanfs/node": "^0.16.6",
        "@humanwhocodes/module-importer": "^1.0.1",
        "@humanwhocodes/retry": "^0.4.2",
        "@types/estree": "^1.0.6",
        "ajv": "^6.14.0",
        "cross-spawn": "^7.0.6",
        "debug": "^4.3.2",
        "escape-string-regexp": "^4.0.0",
        "eslint-scope": "^9.1.2",
        "eslint-visitor-keys": "^5.0.1",
        "espree": "^11.2.0",
        "esquery": "^1.7.0",
        "esutils": "^2.0.2",
        "fast-deep-equal": "^3.1.3",
        "file-entry-cache": "^8.0.0",
        "find-up": "^5.0.0",
        "glob-parent": "^6.0.2",
        "ignore": "^5.2.0",
        "imurmurhash": "^0.1.4",
        "is-glob": "^4.0.0",
        "json-stable-stringify-without-jsonify": "^1.0.1",
        "minimatch": "^10.2.5",
        "natural-compare": "^1.4.0",
        "optionator": "^0.9.3"
      },
      "bin": {
        "eslint": "bin/eslint.js"
      },
      "devDependencies": {
        "@arethetypeswrong/cli": "^0.18.3",
        "@babel/core": "^7.4.3",
        "@babel/preset-env": "^7.4.3",
        "@cypress/webpack-preprocessor": "^6.0.2",
        "@eslint/eslintrc": "^3.3.6",
        "@eslint/json": "^2.0.1",
        "@types/esquery": "^1.5.4",
        "@types/node": "^22.13.14",
        "@typescript-eslint/parser": "^8.58.2",
        "babel-loader": "^8.0.5",
        "c8": "^11.0.0",
        "chai": "^4.0.1",
        "cheerio": "^0.22.0",
        "common-tags": "^1.8.0",
        "core-js": "^3.1.3",
        "cypress": "^14.1.0",
        "ejs": "^3.0.2",
        "eslint": "file:.",
        "eslint-config-eslint": "file:packages/eslint-config-eslint",
        "eslint-plugin-eslint-plugin": "^7.3.2",
        "eslint-plugin-expect-type": "^0.6.0",
        "eslint-plugin-yml": "^1.14.0",
        "eslint-release": "^3.3.0",
        "eslint-rule-extender": "^0.0.1",
        "eslump": "^3.0.0",
        "esprima": "^4.0.1",
        "fs-teardown": "^0.1.3",
        "glob": "^10.0.0",
        "globals": "^16.2.0",
        "got": "^11.8.3",
        "gray-matter": "^4.0.3",
        "jiti": "^2.6.1",
        "knip": "^6.13.1",
        "lint-staged": "^11.0.0",
        "markdown-it": "^14.2.0",
        "markdown-it-container": "^4.0.0",
        "markdownlint-cli2": "^0.22.0",
        "marked": "^4.0.8",
        "metascraper": "^5.25.7",
        "metascraper-description": "^5.25.7",
        "metascraper-image": "^5.29.3",
        "metascraper-logo": "^5.25.7",
        "metascraper-logo-favicon": "^5.25.7",
        "metascraper-title": "^5.25.7",
        "mocha": "^11.7.1",
        "node-polyfill-webpack-plugin": "^1.0.3",
        "npm-license": "^0.3.3",
        "prettier": "3.9.6",
        "progress": "^2.0.3",
        "proxyquire": "^2.0.1",
        "regenerator-runtime": "^0.14.0",
        "semver": "^7.5.3",
        "shelljs": "^0.10.0",
        "sinon": "^11.0.0",
        "typescript": "^6.0.3",
        "webpack": "^5.109.2",
        "webpack-cli": "^4.5.0",
        "yorkie": "^2.0.0"
      },
      "engines": {
        "node": "^20.19.0 || ^22.13.0 || >=24"
      },
      "funding": {
        "url": "https://eslint.org/donate"
      },
      "peerDependencies": {
        "jiti": "*"
      },
      "peerDependenciesMeta": {
        "jiti": {
          "optional": true
        }
      }
    },
    "../../node_modules/.pnpm/firebase@12.18.0/node_modules/firebase": {
      "version": "12.18.0",
      "license": "Apache-2.0",
      "dependencies": {
        "@firebase/ai": "2.15.0",
        "@firebase/analytics": "0.10.24",
        "@firebase/analytics-compat": "0.2.30",
        "@firebase/app": "0.16.1",
        "@firebase/app-check": "0.13.1",
        "@firebase/app-check-compat": "0.4.7",
        "@firebase/app-compat": "0.5.17",
        "@firebase/app-types": "0.9.6",
        "@firebase/auth": "1.13.5",
        "@firebase/auth-compat": "0.6.10",
        "@firebase/data-connect": "0.7.4",
        "@firebase/database": "1.1.5",
        "@firebase/database-compat": "2.1.7",
        "@firebase/firestore": "4.17.1",
        "@firebase/firestore-compat": "0.4.13",
        "@firebase/functions": "0.14.0",
        "@firebase/functions-compat": "0.5.0",
        "@firebase/installations": "0.6.24",
        "@firebase/installations-compat": "0.2.24",
        "@firebase/messaging": "0.13.2",
        "@firebase/messaging-compat": "0.2.29",
        "@firebase/performance": "0.7.14",
        "@firebase/performance-compat": "0.2.27",
        "@firebase/remote-config": "0.9.2",
        "@firebase/remote-config-compat": "0.2.29",
        "@firebase/storage": "0.14.5",
        "@firebase/storage-compat": "0.4.5",
        "@firebase/util": "1.15.3"
      },
      "devDependencies": {
        "@rollup/plugin-commonjs": "21.1.0",
        "@rollup/plugin-node-resolve": "16.0.0",
        "@rollup/plugin-terser": "0.4.4",
        "gulp": "5.0.1",
        "gulp-replace": "1.1.4",
        "gulp-sourcemaps": "3.0.0",
        "rollup": "4.62.2",
        "rollup-plugin-sourcemaps": "0.6.3",
        "rollup-plugin-typescript2": "0.37.0",
        "rollup-plugin-uglify": "6.0.4",
        "typescript": "5.5.4"
      }
    },
    "../../node_modules/.pnpm/tailwindcss@4.3.3/node_modules/tailwindcss": {
      "version": "4.3.3",
      "license": "MIT",
      "devDependencies": {
        "@jridgewell/remapping": "^2.3.5",
        "@tailwindcss/oxide": "^4.3.3",
        "@types/node": "22.19.21",
        "dedent": "1.7.2",
        "lightningcss": "1.32.0",
        "magic-string": "^0.30.21",
        "source-map-js": "^1.2.1"
      }
    },
    "../../node_modules/.pnpm/typescript@5.9.3/node_modules/typescript": {
      "version": "5.9.3",
      "dev": true,
      "license": "Apache-2.0",
      "bin": {
        "tsc": "bin/tsc",
        "tsserver": "bin/tsserver"
      },
      "devDependencies": {
        "@dprint/formatter": "^0.4.1",
        "@dprint/typescript": "0.93.4",
        "@esfx/canceltoken": "^1.0.0",
        "@eslint/js": "^9.20.0",
        "@octokit/rest": "^21.1.1",
        "@types/chai": "^4.3.20",
        "@types/diff": "^7.0.1",
        "@types/minimist": "^1.2.5",
        "@types/mocha": "^10.0.10",
        "@types/ms": "^0.7.34",
        "@types/node": "latest",
        "@types/source-map-support": "^0.5.10",
        "@types/which": "^3.0.4",
        "@typescript-eslint/rule-tester": "^8.24.1",
        "@typescript-eslint/type-utils": "^8.24.1",
        "@typescript-eslint/utils": "^8.24.1",
        "azure-devops-node-api": "^14.1.0",
        "c8": "^10.1.3",
        "chai": "^4.5.0",
        "chokidar": "^4.0.3",
        "diff": "^7.0.0",
        "dprint": "^0.49.0",
        "esbuild": "^0.25.0",
        "eslint": "^9.20.1",
        "eslint-formatter-autolinkable-stylish": "^1.4.0",
        "eslint-plugin-regexp": "^2.7.0",
        "fast-xml-parser": "^4.5.2",
        "glob": "^10.4.5",
        "globals": "^15.15.0",
        "hereby": "^1.10.0",
        "jsonc-parser": "^3.3.1",
        "knip": "^5.44.4",
        "minimist": "^1.2.8",
        "mocha": "^10.8.2",
        "mocha-fivemat-progress-reporter": "^0.1.0",
        "monocart-coverage-reports": "^2.12.1",
        "ms": "^2.1.3",
        "picocolors": "^1.1.1",
        "playwright": "^1.50.1",
        "source-map-support": "^0.5.21",
        "tslib": "^2.8.1",
        "typescript": "^5.7.3",
        "typescript-eslint": "^8.24.1",
        "which": "^3.0.1"
      },
      "engines": {
        "node": ">=14.17"
      }
    },
    "../../node_modules/.pnpm/vite-plugin-pwa@0.21.2_supp_c173c8826da955ab0b94baaa6faad83f/node_modules/vite-plugin-pwa": {
      "version": "0.21.2",
      "dev": true,
      "license": "MIT",
      "dependencies": {
        "debug": "^4.3.6",
        "pretty-bytes": "^6.1.1",
        "tinyglobby": "^0.2.10",
        "workbox-build": "^7.3.0",
        "workbox-window": "^7.3.0"
      },
      "devDependencies": {
        "@antfu/eslint-config": "^4.10.2",
        "@antfu/ni": "^0.21.9",
        "@playwright/test": "^1.40.0",
        "@types/debug": "^4.1.12",
        "@types/node": "^18.17.14",
        "@types/prompts": "^2.4.8",
        "@types/react": "^18.2.21",
        "@typescript-eslint/eslint-plugin": "^8.18.0",
        "@vite-pwa/assets-generator": "^0.2.6",
        "bumpp": "^9.2.0",
        "eslint": "^9.23.0",
        "esno": "0.17.0",
        "kolorist": "^1.8.0",
        "preact": "^10.19.2",
        "prompts": "^2.4.2",
        "publint": "^0.2.5",
        "react": "^18.2.0",
        "solid-js": "^1.8.5",
        "svelte": "^4.2.5",
        "tsup": "^7.3.0",
        "typescript": "^5.3.3",
        "vite": "^5.0.12",
        "vitest": "1.0.0-beta.4",
        "vue": "^3.3.8"
      },
      "engines": {
        "node": ">=16.0.0"
      },
      "funding": {
        "url": "https://github.com/sponsors/antfu"
      },
      "peerDependencies": {
        "@vite-pwa/assets-generator": "^0.2.6",
        "vite": "^3.1.0 || ^4.0.0 || ^5.0.0 || ^6.0.0",
        "workbox-build": "^7.3.0",
        "workbox-window": "^7.3.0"
      },
      "peerDependenciesMeta": {
        "@vite-pwa/assets-generator": {
          "optional": true
        }
      }
    },
    "../../node_modules/.pnpm/vite@6.4.3_@types+node@24.1_95b75f093591c6bdd1d6dd8022be0102/node_modules/vite": {
      "version": "6.4.3",
      "dev": true,
      "license": "MIT",
      "dependencies": {
        "esbuild": "^0.25.0",
        "fdir": "^6.4.4",
        "picomatch": "^4.0.2",
        "postcss": "^8.5.3",
        "rollup": "^4.34.9",
        "tinyglobby": "^0.2.13"
      },
      "bin": {
        "vite": "bin/vite.js"
      },
      "devDependencies": {
        "@ampproject/remapping": "^2.3.0",
        "@babel/parser": "^7.27.0",
        "@jridgewell/trace-mapping": "^0.3.25",
        "@polka/compression": "^1.0.0-next.25",
        "@rollup/plugin-alias": "^5.1.1",
        "@rollup/plugin-commonjs": "^28.0.3",
        "@rollup/plugin-dynamic-import-vars": "2.1.4",
        "@rollup/plugin-json": "^6.1.0",
        "@rollup/plugin-node-resolve": "16.0.1",
        "@rollup/pluginutils": "^5.1.4",
        "@types/escape-html": "^1.0.4",
        "@types/pnpapi": "^0.0.5",
        "artichokie": "^0.3.1",
        "cac": "^6.7.14",
        "chokidar": "^3.6.0",
        "connect": "^3.7.0",
        "convert-source-map": "^2.0.0",
        "cors": "^2.8.5",
        "cross-spawn": "^7.0.6",
        "debug": "^4.4.0",
        "dep-types": "link:./src/types",
        "dotenv": "^16.5.0",
        "dotenv-expand": "^12.0.2",
        "es-module-lexer": "^1.6.0",
        "escape-html": "^1.0.3",
        "estree-walker": "^3.0.3",
        "etag": "^1.8.1",
        "http-proxy": "^1.18.1",
        "launch-editor-middleware": "^2.14.1",
        "lightningcss": "^1.29.3",
        "magic-string": "^0.30.17",
        "mlly": "^1.7.4",
        "mrmime": "^2.0.1",
        "nanoid": "^5.1.5",
        "open": "^10.1.1",
        "parse5": "^7.2.1",
        "pathe": "^2.0.3",
        "periscopic": "^4.0.2",
        "picocolors": "^1.1.1",
        "postcss-import": "^16.1.0",
        "postcss-load-config": "^6.0.1",
        "postcss-modules": "^6.0.1",
        "resolve.exports": "^2.0.3",
        "rollup-plugin-dts": "^6.2.1",
        "rollup-plugin-esbuild": "^6.2.1",
        "rollup-plugin-license": "^3.6.0",
        "sass": "^1.86.3",
        "sass-embedded": "^1.86.3",
        "sirv": "^3.0.2",
        "source-map-support": "^0.5.21",
        "strip-literal": "^3.0.0",
        "terser": "^5.39.0",
        "tsconfck": "^3.1.5",
        "tslib": "^2.8.1",
        "types": "link:./types",
        "ufo": "^1.6.1",
        "ws": "^8.18.1"
      },
      "engines": {
        "node": "^18.0.0 || ^20.0.0 || >=22.0.0"
      },
      "funding": {
        "url": "https://github.com/vitejs/vite?sponsor=1"
      },
      "optionalDependencies": {
        "fsevents": "~2.3.3"
      },
      "peerDependencies": {
        "@types/node": "^18.0.0 || ^20.0.0 || >=22.0.0",
        "jiti": ">=1.21.0",
        "less": "*",
        "lightningcss": "^1.21.0",
        "sass": "*",
        "sass-embedded": "*",
        "stylus": "*",
        "sugarss": "*",
        "terser": "^5.16.0",
        "tsx": "^4.8.1",
        "yaml": "^2.4.2"
      },
      "peerDependenciesMeta": {
        "@types/node": {
          "optional": true
        },
        "jiti": {
          "optional": true
        },
        "less": {
          "optional": true
        },
        "lightningcss": {
          "optional": true
        },
        "sass": {
          "optional": true
        },
        "sass-embedded": {
          "optional": true
        },
        "stylus": {
          "optional": true
        },
        "sugarss": {
          "optional": true
        },
        "terser": {
          "optional": true
        },
        "tsx": {
          "optional": true
        },
        "yaml": {
          "optional": true
        }
      }
    },
    "../../node_modules/.pnpm/vitest@2.1.9_@types+node@24_238c060b823abec43ac8f2264777f6f0/node_modules/vitest": {
      "version": "2.1.9",
      "dev": true,
      "license": "MIT",
      "dependencies": {
        "@vitest/expect": "2.1.9",
        "@vitest/mocker": "2.1.9",
        "@vitest/pretty-format": "^2.1.9",
        "@vitest/runner": "2.1.9",
        "@vitest/snapshot": "2.1.9",
        "@vitest/spy": "2.1.9",
        "@vitest/utils": "2.1.9",
        "chai": "^5.1.2",
        "debug": "^4.3.7",
        "expect-type": "^1.1.0",
        "magic-string": "^0.30.12",
        "pathe": "^1.1.2",
        "std-env": "^3.8.0",
        "tinybench": "^2.9.0",
        "tinyexec": "^0.3.1",
        "tinypool": "^1.0.1",
        "tinyrainbow": "^1.2.0",
        "vite": "^5.0.0",
        "vite-node": "2.1.9",
        "why-is-node-running": "^2.3.0"
      },
      "bin": {
        "vitest": "vitest.mjs"
      },
      "devDependencies": {
        "@ampproject/remapping": "^2.3.0",
        "@antfu/install-pkg": "^0.4.1",
        "@edge-runtime/vm": "^4.0.4",
        "@sinonjs/fake-timers": "11.1.0",
        "@types/debug": "^4.1.12",
        "@types/estree": "^1.0.6",
        "@types/istanbul-lib-coverage": "^2.0.6",
        "@types/istanbul-reports": "^3.0.4",
        "@types/jsdom": "^21.1.7",
        "@types/micromatch": "^4.0.9",
        "@types/node": "^22.9.0",
        "@types/prompts": "^2.4.9",
        "@types/sinonjs__fake-timers": "^8.1.5",
        "acorn-walk": "^8.3.4",
        "birpc": "0.2.19",
        "cac": "^6.7.14",
        "chai-subset": "^1.6.0",
        "cli-truncate": "^4.0.0",
        "fast-glob": "3.3.2",
        "find-up": "^6.3.0",
        "flatted": "^3.3.1",
        "get-tsconfig": "^4.8.1",
        "happy-dom": "^15.11.4",
        "jsdom": "^25.0.1",
        "local-pkg": "^0.5.0",
        "log-update": "^5.0.1",
        "micromatch": "^4.0.8",
        "pretty-format": "^29.7.0",
        "prompts": "^2.4.2",
        "strip-literal": "^2.1.0",
        "ws": "^8.18.0"
      },
      "engines": {
        "node": "^18.0.0 || >=20.0.0"
      },
      "funding": {
        "url": "https://opencollective.com/vitest"
      },
      "peerDependencies": {
        "@edge-runtime/vm": "*",
        "@types/node": "^18.0.0 || >=20.0.0",
        "@vitest/browser": "2.1.9",
        "@vitest/ui": "2.1.9",
        "happy-dom": "*",
        "jsdom": "*"
      },
      "peerDependenciesMeta": {
        "@edge-runtime/vm": {
          "optional": true
        },
        "@types/node": {
          "optional": true
        },
        "@vitest/browser": {
          "optional": true
        },
        "@vitest/ui": {
          "optional": true
        },
        "happy-dom": {
          "optional": true
        },
        "jsdom": {
          "optional": true
        }
      }
    },
    "../../node_modules/.pnpm/vue-router@4.6.4_vue@3.5.42_typescript@5.9.3_/node_modules/vue-router": {
      "version": "4.6.4",
      "license": "MIT",
      "dependencies": {
        "@vue/devtools-api": "^6.6.4"
      },
      "devDependencies": {
        "@rollup/plugin-commonjs": "^28.0.7",
        "@rollup/plugin-node-resolve": "^16.0.3",
        "@rollup/plugin-replace": "^6.0.2",
        "@rollup/plugin-terser": "^0.4.4",
        "@types/jsdom": "^21.1.7",
        "@types/nightwatch": "^2.3.32",
        "@typescript/native-preview": "7.0.0-dev.20251013.1",
        "@vitejs/plugin-vue": "^6.0.1",
        "@vue/compiler-sfc": "~3.5.22",
        "@vue/server-renderer": "~3.5.22",
        "@vue/test-utils": "^2.4.6",
        "browserstack-local": "^1.5.8",
        "chromedriver": "^138.0.5",
        "connect-history-api-fallback": "^1.6.0",
        "dotenv": "^17.2.3",
        "faked-promise": "^2.2.2",
        "geckodriver": "^6.0.2",
        "happy-dom": "^20.0.0",
        "nightwatch": "^3.12.2",
        "nightwatch-helpers": "^1.2.0",
        "rimraf": "^6.0.1",
        "rollup": "^4.52.4",
        "rollup-plugin-typescript2": "^0.36.0",
        "tsdown": "^0.17.2",
        "tsup": "^8.5.0",
        "vite": "^7.1.10",
        "vue": "~3.6.0-alpha.2"
      },
      "funding": {
        "url": "https://github.com/sponsors/posva"
      },
      "peerDependencies": {
        "vue": "^3.5.0"
      }
    },
    "../../node_modules/.pnpm/vue-tsc@2.2.12_typescript@5.9.3/node_modules/vue-tsc": {
      "version": "2.2.12",
      "dev": true,
      "license": "MIT",
      "dependencies": {
        "@volar/typescript": "2.4.15",
        "@vue/language-core": "2.2.12"
      },
      "bin": {
        "vue-tsc": "bin/vue-tsc.js"
      },
      "devDependencies": {
        "@types/node": "^22.10.4"
      },
      "peerDependencies": {
        "typescript": ">=5.0.0"
      }
    },
    "../../node_modules/.pnpm/vue@3.5.42_typescript@5.9.3/node_modules/vue": {
      "version": "3.5.42",
      "license": "MIT",
      "dependencies": {
        "@vue/compiler-dom": "3.5.42",
        "@vue/compiler-sfc": "3.5.42",
        "@vue/runtime-dom": "3.5.42",
        "@vue/server-renderer": "3.5.42",
        "@vue/shared": "3.5.42"
      },
      "peerDependencies": {
        "typescript": "*"
      },
      "peerDependenciesMeta": {
        "typescript": {
          "optional": true
        }
      }
    },
    "../../node_modules/.pnpm/vuefire@3.2.3_consola@3.4.2_16eed762ff9fcc3c462cc28e1331839d/node_modules/vuefire": {
      "version": "3.2.3",
      "license": "MIT",
      "dependencies": {
        "vue-demi": "latest"
      },
      "devDependencies": {
        "@posva/prompts": "^2.4.4",
        "@types/semver": "^7.5.8",
        "@vitest/coverage-v8": "^2.1.3",
        "@vitest/ui": "^2.1.3",
        "@vue/test-utils": "^2.4.6",
        "consola": "^3.2.3",
        "conventional-changelog-cli": "~4.1.0",
        "enquirer": "^2.4.1",
        "firebase": "^11.1.0",
        "firebase-admin": "^13.0.1",
        "firebase-tools": "^13.29.1",
        "focus-visible": "^5.2.1",
        "globby": "^14.0.0",
        "happy-dom": "^15.7.4",
        "lint-staged": "^15.2.10",
        "prettier": "^3.3.3",
        "semver": "^7.6.3",
        "simple-git-hooks": "^2.9.0",
        "typedoc": "^0.25.8",
        "typedoc-plugin-markdown": "^3.17.1",
        "typescript": "~5.5.4",
        "unbuild": "^2.0.0",
        "vitepress": "1.4.1",
        "vitest": "^2.1.3",
        "vue": "^3.5.12"
      },
      "engines": {
        "node": ">=20"
      },
      "funding": {
        "url": "https://github.com/sponsors/posva"
      },
      "peerDependencies": {
        "consola": "^3.2.3",
        "firebase": "^9.0.0 || ^10.0.0 || ^11.0.0 || ^12.0.0",
        "vue": "^2.7.0 || ^3.2.0"
      },
      "peerDependenciesMeta": {
        "@vue/composition-api": {
          "optional": true
        },
        "consola": {
          "optional": true
        },
        "firebase": {
          "optional": true
        }
      }
    },
    "node_modules/@capacitor/android": {
      "resolved": "../../node_modules/.pnpm/@capacitor+android@8.5.1_@capacitor+core@8.5.1/node_modules/@capacitor/android",
      "link": true
    },
    "node_modules/@capacitor/app": {
      "resolved": "../../node_modules/.pnpm/@capacitor+app@8.1.1_@capacitor+core@8.5.1/node_modules/@capacitor/app",
      "link": true
    },
    "node_modules/@capacitor/cli": {
      "resolved": "../../node_modules/.pnpm/@capacitor+cli@8.5.1_supports-color@7.2.0/node_modules/@capacitor/cli",
      "link": true
    },
    "node_modules/@capacitor/core": {
      "resolved": "../../node_modules/.pnpm/@capacitor+core@8.5.1/node_modules/@capacitor/core",
      "link": true
    },
    "node_modules/@capacitor/haptics": {
      "resolved": "../../node_modules/.pnpm/@capacitor+haptics@8.0.2_@capacitor+core@8.5.1/node_modules/@capacitor/haptics",
      "link": true
    },
    "node_modules/@capacitor/keyboard": {
      "resolved": "../../node_modules/.pnpm/@capacitor+keyboard@8.0.5_@capacitor+core@8.5.1/node_modules/@capacitor/keyboard",
      "link": true
    },
    "node_modules/@capacitor/status-bar": {
      "resolved": "../../node_modules/.pnpm/@capacitor+status-bar@8.0.3_@capacitor+core@8.5.1/node_modules/@capacitor/status-bar",
      "link": true
    },
    "node_modules/@capawesome/capacitor-android-edge-to-edge-support": {
      "version": "8.0.8",
      "resolved": "https://registry.npmjs.org/@capawesome/capacitor-android-edge-to-edge-support/-/capacitor-android-edge-to-edge-support-8.0.8.tgz",
      "integrity": "sha512-+eKz15uhfOwft5IRZFL1QQZT/FHeeE5scNnlP9CIMrhW0Ctc9cJM13Ec2vOTd9oYGz3mCF3kf39C2spDDuSUVw==",
      "funding": [
        {
          "type": "github",
          "url": "https://github.com/sponsors/capawesome-team/"
        },
        {
          "type": "opencollective",
          "url": "https://opencollective.com/capawesome"
        }
      ],
      "license": "MIT",
      "peerDependencies": {
        "@capacitor/core": ">=8.0.0"
      }
    },
    "node_modules/@nuxt/ui": {
      "resolved": "../../node_modules/.pnpm/@nuxt+ui@4.11.0_7d538819ba9eada06f21074bb147040d/node_modules/@nuxt/ui",
      "link": true
    },
    "node_modules/@tsconfig/node24": {
      "resolved": "../../node_modules/.pnpm/@tsconfig+node24@24.0.5/node_modules/@tsconfig/node24",
      "link": true
    },
    "node_modules/@types/node": {
      "resolved": "../../node_modules/.pnpm/@types+node@24.13.3/node_modules/@types/node",
      "link": true
    },
    "node_modules/@vitejs/plugin-vue": {
      "resolved": "../../node_modules/.pnpm/@vitejs+plugin-vue@5.2.4_vi_418f5e73e96a21869e8472787cc78d67/node_modules/@vitejs/plugin-vue",
      "link": true
    },
    "node_modules/@vue/eslint-config-typescript": {
      "resolved": "../../node_modules/.pnpm/@vue+eslint-config-typescri_b231776b00711c5a56f4718f1c80576d/node_modules/@vue/eslint-config-typescript",
      "link": true
    },
    "node_modules/@vue/tsconfig": {
      "resolved": "../../node_modules/.pnpm/@vue+tsconfig@0.7.0_typescr_67800fff24260a59821cb869dc3778af/node_modules/@vue/tsconfig",
      "link": true
    },
    "node_modules/eslint": {
      "resolved": "../../node_modules/.pnpm/eslint@10.9.1_jiti@2.7.0_supports-color@7.2.0/node_modules/eslint",
      "link": true
    },
    "node_modules/eslint-plugin-vue": {
      "resolved": "../../node_modules/.pnpm/eslint-plugin-vue@10.10.0_@_8f69558d6aacd4e404082febd38e1165/node_modules/eslint-plugin-vue",
      "link": true
    },
    "node_modules/firebase": {
      "resolved": "../../node_modules/.pnpm/firebase@12.18.0/node_modules/firebase",
      "link": true
    },
    "node_modules/tailwindcss": {
      "resolved": "../../node_modules/.pnpm/tailwindcss@4.3.3/node_modules/tailwindcss",
      "link": true
    },
    "node_modules/typescript": {
      "resolved": "../../node_modules/.pnpm/typescript@5.9.3/node_modules/typescript",
      "link": true
    },
    "node_modules/vite": {
      "resolved": "../../node_modules/.pnpm/vite@6.4.3_@types+node@24.1_95b75f093591c6bdd1d6dd8022be0102/node_modules/vite",
      "link": true
    },
    "node_modules/vite-plugin-pwa": {
      "resolved": "../../node_modules/.pnpm/vite-plugin-pwa@0.21.2_supp_c173c8826da955ab0b94baaa6faad83f/node_modules/vite-plugin-pwa",
      "link": true
    },
    "node_modules/vitest": {
      "resolved": "../../node_modules/.pnpm/vitest@2.1.9_@types+node@24_238c060b823abec43ac8f2264777f6f0/node_modules/vitest",
      "link": true
    },
    "node_modules/vue": {
      "resolved": "../../node_modules/.pnpm/vue@3.5.42_typescript@5.9.3/node_modules/vue",
      "link": true
    },
    "node_modules/vue-router": {
      "resolved": "../../node_modules/.pnpm/vue-router@4.6.4_vue@3.5.42_typescript@5.9.3_/node_modules/vue-router",
      "link": true
    },
    "node_modules/vue-tsc": {
      "resolved": "../../node_modules/.pnpm/vue-tsc@2.2.12_typescript@5.9.3/node_modules/vue-tsc",
      "link": true
    },
    "node_modules/vuefire": {
      "resolved": "../../node_modules/.pnpm/vuefire@3.2.3_consola@3.4.2_16eed762ff9fcc3c462cc28e1331839d/node_modules/vuefire",
      "link": true
    }
  }
}
